
Microsoft Visual Studio Solution File, Format Version 12.00
# Visual Studio Version 17
VisualStudioVersion = 17.5.33627.172
MinimumVisualStudioVersion = 10.0.40219.1
Project("{FAE04EC0-301F-11D3-BF4B-00C04F79EFBC}") = "AssetManagement", "AssetManagement.csproj", "{86058C84-A5A0-4497-8CA9-0CD7A7A46578}"
EndProject
Global
	GlobalSection(SolutionConfigurationPlatforms) = preSolution
		Debug|Any CPU = Debug|Any CPU
		Release|Any CPU = Release|Any CPU
	EndGlobalSection
	GlobalSection(ProjectConfigurationPlatforms) = postSolution
		{86058C84-A5A0-4497-8CA9-0CD7A7A46578}.Debug|Any CPU.ActiveCfg = Debug|Any CPU
		{86058C84-A5A0-4497-8CA9-0CD7A7A46578}.Debug|Any CPU.Build.0 = Debug|Any CPU
		{86058C84-A5A0-4497-8CA9-0CD7A7A46578}.Release|Any CPU.ActiveCfg = Release|Any CPU
		{86058C84-A5A0-4497-8CA9-0CD7A7A46578}.Release|Any CPU.Build.0 = Release|Any CPU
	EndGlobalSection
	GlobalSection(SolutionProperties) = preSolution
		HideSolutionNode = FALSE
	EndGlobalSection
	GlobalSection(ExtensibilityGlobals) = postSolution
		SolutionGuid = {C038A526-DE42-4E57-BB17-19FC9481A5B7}
	EndGlobalSection
EndGlobal
